
Microsoft Visual Studio Solution File, Format Version 11.00
# Visual Studio 2010
Project("{FAE04EC0-301F-11D3-BF4B-00C04F79EFBC}") = "Modeler", "Modeler\Modeler.csproj", "{BA1DDF8E-895F-4570-A116-D08621E940FC}"
EndProject
Global
	GlobalSection(SolutionConfigurationPlatforms) = preSolution
		Debug|Mixed Platforms = Debug|Mixed Platforms
		Debug|Win32 = Debug|Win32
		Debug|x86 = Debug|x86
		Release|Mixed Platforms = Release|Mixed Platforms
		Release|Win32 = Release|Win32
		Release|x86 = Release|x86
	EndGlobalSection
	GlobalSection(ProjectConfigurationPlatforms) = postSolution
		{BA1DDF8E-895F-4570-A116-D08621E940FC}.Debug|Mixed Platforms.ActiveCfg = Debug|x86
		{BA1DDF8E-895F-4570-A116-D08621E940FC}.Debug|Mixed Platforms.Build.0 = Debug|x86
		{BA1DDF8E-895F-4570-A116-D08621E940FC}.Debug|Win32.ActiveCfg = Debug|x86
		{BA1DDF8E-895F-4570-A116-D08621E940FC}.Debug|x86.ActiveCfg = Debug|x86
		{BA1DDF8E-895F-4570-A116-D08621E940FC}.Debug|x86.Build.0 = Debug|x86
		{BA1DDF8E-895F-4570-A116-D08621E940FC}.Release|Mixed Platforms.ActiveCfg = Release|x86
		{BA1DDF8E-895F-4570-A116-D08621E940FC}.Release|Mixed Platforms.Build.0 = Release|x86
		{BA1DDF8E-895F-4570-A116-D08621E940FC}.Release|Win32.ActiveCfg = Release|x86
		{BA1DDF8E-895F-4570-A116-D08621E940FC}.Release|x86.ActiveCfg = Release|x86
		{BA1DDF8E-895F-4570-A116-D08621E940FC}.Release|x86.Build.0 = Release|x86
	EndGlobalSection
	GlobalSection(SolutionProperties) = preSolution
		HideSolutionNode = FALSE
	EndGlobalSection
	GlobalSection(SubversionScc) = preSolution
		Svn-Managed = True
		Manager = AnkhSVN - Subversion Support for Visual Studio
	EndGlobalSection
EndGlobal
